Microsoft Visual Studio Solution File, Format Version 12.00
# Visual Studio 15
VisualStudioVersion = 15.0.28307.572
MinimumVisualStudioVersion = 10.0.40219.1
Project("{F184B08F-C81C-45F6-A57F-5ABD9991F28F}") = "HeaderMenuCustomizationExample", "HeaderMenuCustomizationExample\HeaderMenuCustomizationExample.vbproj", "{DC462D8B-3BEF-478D-9F60-1FD7C38B8D51}"
EndProject
Global
	GlobalSection(SolutionConfigurationPlatforms) = preSolution
		Debug|x86 = Debug|x86
		Release|x86 = Release|x86
	EndGlobalSection
	GlobalSection(ProjectConfigurationPlatforms) = postSolution
		{DC462D8B-3BEF-478D-9F60-1FD7C38B8D51}.Debug|x86.ActiveCfg = Debug|x86
		{DC462D8B-3BEF-478D-9F60-1FD7C38B8D51}.Debug|x86.Build.0 = Debug|x86
		{DC462D8B-3BEF-478D-9F60-1FD7C38B8D51}.Release|x86.ActiveCfg = Release|x86
		{DC462D8B-3BEF-478D-9F60-1FD7C38B8D51}.Release|x86.Build.0 = Release|x86
	EndGlobalSection
	GlobalSection(SolutionProperties) = preSolution
		HideSolutionNode = FALSE
	EndGlobalSection
	GlobalSection(ExtensibilityGlobals) = postSolution
		SolutionGuid = {253067A7-7FAC-4FC2-92E7-86A282027E7E}
	EndGlobalSection
EndGlobal
